
Microsoft Visual Studio Solution File, Format Version 12.00
# Visual Studio Version 17
VisualStudioVersion = 17.4.33213.308
MinimumVisualStudioVersion = 10.0.40219.1
Project("{FAE04EC0-301F-11D3-BF4B-00C04F79EFBC}") = "GenerandoExcel", "GenerandoExcel\GenerandoExcel.csproj", "{3C6898D8-73B6-4BDB-B0F6-F157B9C81AC1}"
EndProject
Global
	GlobalSection(SolutionConfigurationPlatforms) = preSolution
		Debug|Any CPU = Debug|Any CPU
		Release|Any CPU = Release|Any CPU
	EndGlobalSection
	GlobalSection(ProjectConfigurationPlatforms) = postSolution
		{3C6898D8-73B6-4BDB-B0F6-F157B9C81AC1}.Debug|Any CPU.ActiveCfg = Debug|Any CPU
		{3C6898D8-73B6-4BDB-B0F6-F157B9C81AC1}.Debug|Any CPU.Build.0 = Debug|Any CPU
		{3C6898D8-73B6-4BDB-B0F6-F157B9C81AC1}.Release|Any CPU.ActiveCfg = Release|Any CPU
		{3C6898D8-73B6-4BDB-B0F6-F157B9C81AC1}.Release|Any CPU.Build.0 = Release|Any CPU
	EndGlobalSection
	GlobalSection(SolutionProperties) = preSolution
		HideSolutionNode = FALSE
	EndGlobalSection
	GlobalSection(ExtensibilityGlobals) = postSolution
		SolutionGuid = {373F8ADC-E2A6-4425-AAD7-73964CD346F5}
	EndGlobalSection
EndGlobal
